
Microsoft Visual Studio Solution File, Format Version 12.00
# Visual Studio Version 16
VisualStudioVersion = 16.0.32901.82
MinimumVisualStudioVersion = 10.0.40219.1
Project("{9A19103F-16F7-4668-BE54-9A1E7A4F7556}") = "AoC2022", "AoC2022\AoC2022.csproj", "{E8614BF9-FE49-4C8D-978A-909F78975371}"
EndProject
Project("{9A19103F-16F7-4668-BE54-9A1E7A4F7556}") = "Day1", "Day1\Day1.csproj", "{FF96DC72-130D-46D2-8BA5-99D097A47881}"
EndProject
Project("{9A19103F-16F7-4668-BE54-9A1E7A4F7556}") = "Day2", "Day2\Day2.csproj", "{75916065-A9BD-4DE6-849B-AEAF6976E70A}"
EndProject
Project("{9A19103F-16F7-4668-BE54-9A1E7A4F7556}") = "Day3", "Day3\Day3.csproj", "{2C92395D-B087-4951-BB38-979F58062029}"
EndProject
Project("{9A19103F-16F7-4668-BE54-9A1E7A4F7556}") = "Day4", "Day4\Day4.csproj", "{BAE7F570-B3D7-40D6-823B-4A7A0DE52935}"
EndProject
Project("{9A19103F-16F7-4668-BE54-9A1E7A4F7556}") = "Day5", "Day5\Day5.csproj", "{CBFC5C5B-B36E-41EA-A613-245AA04C434F}"
EndProject
Project("{9A19103F-16F7-4668-BE54-9A1E7A4F7556}") = "Day6", "Day6\Day6.csproj", "{3EB8B161-48B8-40EA-9427-BBA82917EAAB}"
EndProject
Project("{FAE04EC0-301F-11D3-BF4B-00C04F79EFBC}") = "Day7", "Day7\Day7.csproj", "{2229966C-3A9A-4B7B-AEF3-DA9E585FD75D}"
EndProject
Global
	GlobalSection(SolutionConfigurationPlatforms) = preSolution
		Debug|Any CPU = Debug|Any CPU
		Release|Any CPU = Release|Any CPU
	EndGlobalSection
	GlobalSection(ProjectConfigurationPlatforms) = postSolution
		{E8614BF9-FE49-4C8D-978A-909F78975371}.Debug|Any CPU.ActiveCfg = Debug|Any CPU
		{E8614BF9-FE49-4C8D-978A-909F78975371}.Debug|Any CPU.Build.0 = Debug|Any CPU
		{E8614BF9-FE49-4C8D-978A-909F78975371}.Release|Any CPU.ActiveCfg = Release|Any CPU
		{E8614BF9-FE49-4C8D-978A-909F78975371}.Release|Any CPU.Build.0 = Release|Any CPU
		{FF96DC72-130D-46D2-8BA5-99D097A47881}.Debug|Any CPU.ActiveCfg = Debug|Any CPU
		{FF96DC72-130D-46D2-8BA5-99D097A47881}.Debug|Any CPU.Build.0 = Debug|Any CPU
		{FF96DC72-130D-46D2-8BA5-99D097A47881}.Release|Any CPU.ActiveCfg = Release|Any CPU
		{FF96DC72-130D-46D2-8BA5-99D097A47881}.Release|Any CPU.Build.0 = Release|Any CPU
		{75916065-A9BD-4DE6-849B-AEAF6976E70A}.Debug|Any CPU.ActiveCfg = Debug|Any CPU
		{75916065-A9BD-4DE6-849B-AEAF6976E70A}.Debug|Any CPU.Build.0 = Debug|Any CPU
		{75916065-A9BD-4DE6-849B-AEAF6976E70A}.Release|Any CPU.ActiveCfg = Release|Any CPU
		{75916065-A9BD-4DE6-849B-AEAF6976E70A}.Release|Any CPU.Build.0 = Release|Any CPU
		{2C92395D-B087-4951-BB38-979F58062029}.Debug|Any CPU.ActiveCfg = Debug|Any CPU
		{2C92395D-B087-4951-BB38-979F58062029}.Debug|Any CPU.Build.0 = Debug|Any CPU
		{2C92395D-B087-4951-BB38-979F58062029}.Release|Any CPU.ActiveCfg = Release|Any CPU
		{2C92395D-B087-4951-BB38-979F58062029}.Release|Any CPU.Build.0 = Release|Any CPU
		{BAE7F570-B3D7-40D6-823B-4A7A0DE52935}.Debug|Any CPU.ActiveCfg = Debug|Any CPU
		{BAE7F570-B3D7-40D6-823B-4A7A0DE52935}.Debug|Any CPU.Build.0 = Debug|Any CPU
		{BAE7F570-B3D7-40D6-823B-4A7A0DE52935}.Release|Any CPU.ActiveCfg = Release|Any CPU
		{BAE7F570-B3D7-40D6-823B-4A7A0DE52935}.Release|Any CPU.Build.0 = Release|Any CPU
		{CBFC5C5B-B36E-41EA-A613-245AA04C434F}.Debug|Any CPU.ActiveCfg = Debug|Any CPU
		{CBFC5C5B-B36E-41EA-A613-245AA04C434F}.Debug|Any CPU.Build.0 = Debug|Any CPU
		{CBFC5C5B-B36E-41EA-A613-245AA04C434F}.Release|Any CPU.ActiveCfg = Release|Any CPU
		{CBFC5C5B-B36E-41EA-A613-245AA04C434F}.Release|Any CPU.Build.0 = Release|Any CPU
		{3EB8B161-48B8-40EA-9427-BBA82917EAAB}.Debug|Any CPU.ActiveCfg = Debug|Any CPU
		{3EB8B161-48B8-40EA-9427-BBA82917EAAB}.Debug|Any CPU.Build.0 = Debug|Any CPU
		{3EB8B161-48B8-40EA-9427-BBA82917EAAB}.Release|Any CPU.ActiveCfg = Release|Any CPU
		{3EB8B161-48B8-40EA-9427-BBA82917EAAB}.Release|Any CPU.Build.0 = Release|Any CPU
		{2229966C-3A9A-4B7B-AEF3-DA9E585FD75D}.Debug|Any CPU.ActiveCfg = Debug|Any CPU
		{2229966C-3A9A-4B7B-AEF3-DA9E585FD75D}.Debug|Any CPU.Build.0 = Debug|Any CPU
		{2229966C-3A9A-4B7B-AEF3-DA9E585FD75D}.Release|Any CPU.ActiveCfg = Release|Any CPU
		{2229966C-3A9A-4B7B-AEF3-DA9E585FD75D}.Release|Any CPU.Build.0 = Release|Any CPU
	EndGlobalSection
	GlobalSection(SolutionProperties) = preSolution
		HideSolutionNode = FALSE
	EndGlobalSection
	GlobalSection(ExtensibilityGlobals) = postSolution
		SolutionGuid = {3BAA0D9F-65CC-47D9-900F-AA1796EE7A08}
	EndGlobalSection
EndGlobal
